
Microsoft Visual Studio Solution File, Format Version 12.00
# Visual Studio 14
VisualStudioVersion = 14.0.25123.0
MinimumVisualStudioVersion = 10.0.40219.1
Project("{FAE04EC0-301F-11D3-BF4B-00C04F79EFBC}") = "Nanny.Domain", "Nanny.Domain\Nanny.Domain.csproj", "{4B9A581A-2737-4A2A-9BFD-A8AB749ED2F0}"
EndProject
Project("{FAE04EC0-301F-11D3-BF4B-00C04F79EFBC}") = "Nanny.Business", "Nanny.Business\Nanny.Business.csproj", "{5E889592-5B16-4022-ACCF-EA7E92DE30B8}"
EndProject
Project("{FAE04EC0-301F-11D3-BF4B-00C04F79EFBC}") = "Nanny.Dal", "Nanny.Dal\Nanny.Dal.csproj", "{56656234-7D1F-47F4-81B3-5D86E35CF942}"
EndProject
Project("{2150E333-8FDC-42A3-9474-1A3956D46DE8}") = "Business", "Business", "{1A28B58E-1FEC-449B-880A-DD292B1E527B}"
EndProject
Project("{2150E333-8FDC-42A3-9474-1A3956D46DE8}") = "Data", "Data", "{6156CDAD-9BB2-4B5D-A497-61750646CDCF}"
EndProject
Project("{2150E333-8FDC-42A3-9474-1A3956D46DE8}") = "Presentation", "Presentation", "{7900D9FB-3D72-4F53-AF9F-9E82286FB03C}"
EndProject
Project("{FAE04EC0-301F-11D3-BF4B-00C04F79EFBC}") = "Nanny.WebApi", "Nanny.WebApi\Nanny.WebApi.csproj", "{D8E4CFB3-5C14-40AA-A857-96878A897DF4}"
EndProject
Project("{2150E333-8FDC-42A3-9474-1A3956D46DE8}") = "Tests", "Tests", "{F3396EAE-F175-4015-B563-DE0CEB56D318}"
EndProject
Project("{FAE04EC0-301F-11D3-BF4B-00C04F79EFBC}") = "Nanny.CommonTests", "Nanny.CommonTests\Nanny.CommonTests.csproj", "{DEA13DA6-6D39-41BF-93C5-957EDDA51058}"
EndProject
Project("{FAE04EC0-301F-11D3-BF4B-00C04F79EFBC}") = "Nanny.Web", "Nanny.Web\Nanny.Web.csproj", "{11D61880-F929-4710-A7B4-A247E70DE283}"
EndProject
Project("{2150E333-8FDC-42A3-9474-1A3956D46DE8}") = "Infrastructure", "Infrastructure", "{54C59ECD-FEA1-4958-AF07-9C5A4824D5E6}"
EndProject
Project("{FAE04EC0-301F-11D3-BF4B-00C04F79EFBC}") = "Nanny.Infrastructure", "Nanny.Infrastructure\Nanny.Infrastructure.csproj", "{B8F27CB5-DF7D-4BFD-9D59-88A2A96D0759}"
EndProject
Project("{FAE04EC0-301F-11D3-BF4B-00C04F79EFBC}") = "Nanny.Commands", "Nanny.Commands\Nanny.Commands.csproj", "{E65EFCF7-774E-4805-BBD1-27BECD5C7FC6}"
EndProject
Project("{FAE04EC0-301F-11D3-BF4B-00C04F79EFBC}") = "Nanny.Queries", "Nanny.Queries\Nanny.Queries.csproj", "{DBC4E306-9F61-4008-8885-5A39B2EB3777}"
EndProject
Project("{FAE04EC0-301F-11D3-BF4B-00C04F79EFBC}") = "Nanny.Cqrs", "Nanny.Cqrs\Nanny.Cqrs.csproj", "{ABE851EE-F5AA-4D7F-BD42-F4B45E06BD06}"
EndProject
Project("{FAE04EC0-301F-11D3-BF4B-00C04F79EFBC}") = "Nanny.Contract", "Nanny.Contract\Nanny.Contract.csproj", "{95FAE606-4F9E-48A5-8BDF-DEDB1E3E9C46}"
EndProject
Project("{FAE04EC0-301F-11D3-BF4B-00C04F79EFBC}") = "Nanny.Enums", "Nanny.Enums\Nanny.Enums.csproj", "{0E2E3DB2-2DB8-46E8-9E2C-D721BC6E27D3}"
EndProject
Project("{FAE04EC0-301F-11D3-BF4B-00C04F79EFBC}") = "Nanny.DicApi", "Nanny.DicApi\Nanny.DicApi.csproj", "{650DCB8B-D952-4493-B8D5-47925D5054A2}"
EndProject
Global
	GlobalSection(SolutionConfigurationPlatforms) = preSolution
		Debug|Any CPU = Debug|Any CPU
		Release|Any CPU = Release|Any CPU
	EndGlobalSection
	GlobalSection(ProjectConfigurationPlatforms) = postSolution
		{4B9A581A-2737-4A2A-9BFD-A8AB749ED2F0}.Debug|Any CPU.ActiveCfg = Debug|Any CPU
		{4B9A581A-2737-4A2A-9BFD-A8AB749ED2F0}.Debug|Any CPU.Build.0 = Debug|Any CPU
		{4B9A581A-2737-4A2A-9BFD-A8AB749ED2F0}.Release|Any CPU.ActiveCfg = Release|Any CPU
		{4B9A581A-2737-4A2A-9BFD-A8AB749ED2F0}.Release|Any CPU.Build.0 = Release|Any CPU
		{5E889592-5B16-4022-ACCF-EA7E92DE30B8}.Debug|Any CPU.ActiveCfg = Debug|Any CPU
		{5E889592-5B16-4022-ACCF-EA7E92DE30B8}.Debug|Any CPU.Build.0 = Debug|Any CPU
		{5E889592-5B16-4022-ACCF-EA7E92DE30B8}.Release|Any CPU.ActiveCfg = Release|Any CPU
		{5E889592-5B16-4022-ACCF-EA7E92DE30B8}.Release|Any CPU.Build.0 = Release|Any CPU
		{56656234-7D1F-47F4-81B3-5D86E35CF942}.Debug|Any CPU.ActiveCfg = Debug|Any CPU
		{56656234-7D1F-47F4-81B3-5D86E35CF942}.Debug|Any CPU.Build.0 = Debug|Any CPU
		{56656234-7D1F-47F4-81B3-5D86E35CF942}.Release|Any CPU.ActiveCfg = Release|Any CPU
		{56656234-7D1F-47F4-81B3-5D86E35CF942}.Release|Any CPU.Build.0 = Release|Any CPU
		{D8E4CFB3-5C14-40AA-A857-96878A897DF4}.Debug|Any CPU.ActiveCfg = Debug|Any CPU
		{D8E4CFB3-5C14-40AA-A857-96878A897DF4}.Debug|Any CPU.Build.0 = Debug|Any CPU
		{D8E4CFB3-5C14-40AA-A857-96878A897DF4}.Release|Any CPU.ActiveCfg = Release|Any CPU
		{D8E4CFB3-5C14-40AA-A857-96878A897DF4}.Release|Any CPU.Build.0 = Release|Any CPU
		{DEA13DA6-6D39-41BF-93C5-957EDDA51058}.Debug|Any CPU.ActiveCfg = Debug|Any CPU
		{DEA13DA6-6D39-41BF-93C5-957EDDA51058}.Debug|Any CPU.Build.0 = Debug|Any CPU
		{DEA13DA6-6D39-41BF-93C5-957EDDA51058}.Release|Any CPU.ActiveCfg = Release|Any CPU
		{DEA13DA6-6D39-41BF-93C5-957EDDA51058}.Release|Any CPU.Build.0 = Release|Any CPU
		{11D61880-F929-4710-A7B4-A247E70DE283}.Debug|Any CPU.ActiveCfg = Debug|Any CPU
		{11D61880-F929-4710-A7B4-A247E70DE283}.Debug|Any CPU.Build.0 = Debug|Any CPU
		{11D61880-F929-4710-A7B4-A247E70DE283}.Release|Any CPU.ActiveCfg = Release|Any CPU
		{11D61880-F929-4710-A7B4-A247E70DE283}.Release|Any CPU.Build.0 = Release|Any CPU
		{B8F27CB5-DF7D-4BFD-9D59-88A2A96D0759}.Debug|Any CPU.ActiveCfg = Debug|Any CPU
		{B8F27CB5-DF7D-4BFD-9D59-88A2A96D0759}.Debug|Any CPU.Build.0 = Debug|Any CPU
		{B8F27CB5-DF7D-4BFD-9D59-88A2A96D0759}.Release|Any CPU.ActiveCfg = Release|Any CPU
		{B8F27CB5-DF7D-4BFD-9D59-88A2A96D0759}.Release|Any CPU.Build.0 = Release|Any CPU
		{E65EFCF7-774E-4805-BBD1-27BECD5C7FC6}.Debug|Any CPU.ActiveCfg = Debug|Any CPU
		{E65EFCF7-774E-4805-BBD1-27BECD5C7FC6}.Debug|Any CPU.Build.0 = Debug|Any CPU
		{E65EFCF7-774E-4805-BBD1-27BECD5C7FC6}.Release|Any CPU.ActiveCfg = Release|Any CPU
		{E65EFCF7-774E-4805-BBD1-27BECD5C7FC6}.Release|Any CPU.Build.0 = Release|Any CPU
		{DBC4E306-9F61-4008-8885-5A39B2EB3777}.Debug|Any CPU.ActiveCfg = Debug|Any CPU
		{DBC4E306-9F61-4008-8885-5A39B2EB3777}.Debug|Any CPU.Build.0 = Debug|Any CPU
		{DBC4E306-9F61-4008-8885-5A39B2EB3777}.Release|Any CPU.ActiveCfg = Release|Any CPU
		{DBC4E306-9F61-4008-8885-5A39B2EB3777}.Release|Any CPU.Build.0 = Release|Any CPU
		{ABE851EE-F5AA-4D7F-BD42-F4B45E06BD06}.Debug|Any CPU.ActiveCfg = Debug|Any CPU
		{ABE851EE-F5AA-4D7F-BD42-F4B45E06BD06}.Debug|Any CPU.Build.0 = Debug|Any CPU
		{ABE851EE-F5AA-4D7F-BD42-F4B45E06BD06}.Release|Any CPU.ActiveCfg = Release|Any CPU
		{ABE851EE-F5AA-4D7F-BD42-F4B45E06BD06}.Release|Any CPU.Build.0 = Release|Any CPU
		{95FAE606-4F9E-48A5-8BDF-DEDB1E3E9C46}.Debug|Any CPU.ActiveCfg = Debug|Any CPU
		{95FAE606-4F9E-48A5-8BDF-DEDB1E3E9C46}.Debug|Any CPU.Build.0 = Debug|Any CPU
		{95FAE606-4F9E-48A5-8BDF-DEDB1E3E9C46}.Release|Any CPU.ActiveCfg = Release|Any CPU
		{95FAE606-4F9E-48A5-8BDF-DEDB1E3E9C46}.Release|Any CPU.Build.0 = Release|Any CPU
		{0E2E3DB2-2DB8-46E8-9E2C-D721BC6E27D3}.Debug|Any CPU.ActiveCfg = Debug|Any CPU
		{0E2E3DB2-2DB8-46E8-9E2C-D721BC6E27D3}.Debug|Any CPU.Build.0 = Debug|Any CPU
		{0E2E3DB2-2DB8-46E8-9E2C-D721BC6E27D3}.Release|Any CPU.ActiveCfg = Release|Any CPU
		{0E2E3DB2-2DB8-46E8-9E2C-D721BC6E27D3}.Release|Any CPU.Build.0 = Release|Any CPU
		{650DCB8B-D952-4493-B8D5-47925D5054A2}.Debug|Any CPU.ActiveCfg = Debug|Any CPU
		{650DCB8B-D952-4493-B8D5-47925D5054A2}.Debug|Any CPU.Build.0 = Debug|Any CPU
		{650DCB8B-D952-4493-B8D5-47925D5054A2}.Release|Any CPU.ActiveCfg = Release|Any CPU
		{650DCB8B-D952-4493-B8D5-47925D5054A2}.Release|Any CPU.Build.0 = Release|Any CPU
	EndGlobalSection
	GlobalSection(SolutionProperties) = preSolution
		HideSolutionNode = FALSE
	EndGlobalSection
	GlobalSection(NestedProjects) = preSolution
		{4B9A581A-2737-4A2A-9BFD-A8AB749ED2F0} = {1A28B58E-1FEC-449B-880A-DD292B1E527B}
		{5E889592-5B16-4022-ACCF-EA7E92DE30B8} = {1A28B58E-1FEC-449B-880A-DD292B1E527B}
		{56656234-7D1F-47F4-81B3-5D86E35CF942} = {6156CDAD-9BB2-4B5D-A497-61750646CDCF}
		{D8E4CFB3-5C14-40AA-A857-96878A897DF4} = {1A28B58E-1FEC-449B-880A-DD292B1E527B}
		{DEA13DA6-6D39-41BF-93C5-957EDDA51058} = {F3396EAE-F175-4015-B563-DE0CEB56D318}
		{11D61880-F929-4710-A7B4-A247E70DE283} = {7900D9FB-3D72-4F53-AF9F-9E82286FB03C}
		{B8F27CB5-DF7D-4BFD-9D59-88A2A96D0759} = {54C59ECD-FEA1-4958-AF07-9C5A4824D5E6}
		{E65EFCF7-774E-4805-BBD1-27BECD5C7FC6} = {1A28B58E-1FEC-449B-880A-DD292B1E527B}
		{DBC4E306-9F61-4008-8885-5A39B2EB3777} = {1A28B58E-1FEC-449B-880A-DD292B1E527B}
		{ABE851EE-F5AA-4D7F-BD42-F4B45E06BD06} = {54C59ECD-FEA1-4958-AF07-9C5A4824D5E6}
		{95FAE606-4F9E-48A5-8BDF-DEDB1E3E9C46} = {54C59ECD-FEA1-4958-AF07-9C5A4824D5E6}
		{0E2E3DB2-2DB8-46E8-9E2C-D721BC6E27D3} = {6156CDAD-9BB2-4B5D-A497-61750646CDCF}
		{650DCB8B-D952-4493-B8D5-47925D5054A2} = {1A28B58E-1FEC-449B-880A-DD292B1E527B}
	EndGlobalSection
EndGlobal
